{
  "name": "static",
  "lockfileVersion": 2,
  "requires": true,
  "packages": {
    "": {
      "dependencies": {
        "signature_pad": "^5.1.3"
      }
    },
    "node_modules/signature_pad": {
      "version": "5.1.3",
      "resolved": "https://registry.npmjs.org/signature_pad/-/signature_pad-5.1.3.tgz",
      "integrity": "sha512-zyxW5vuJVnQdGcU+kAj9FYl7WaAunY3kA5S7mPg0xJiujL9+sPAWfSQHS5tXaJXDUa4FuZeKhfdCDQ6K3wfkpQ=="
    }
  },
  "dependencies": {
    "signature_pad": {
      "version": "5.1.3",
      "resolved": "https://registry.npmjs.org/signature_pad/-/signature_pad-5.1.3.tgz",
      "integrity": "sha512-zyxW5vuJVnQdGcU+kAj9FYl7WaAunY3kA5S7mPg0xJiujL9+sPAWfSQHS5tXaJXDUa4FuZeKhfdCDQ6K3wfkpQ=="
    }
  }
}
